
Microsoft Visual Studio Solution File, Format Version 12.00
# Visual Studio 15
VisualStudioVersion = 15.0.28307.168
MinimumVisualStudioVersion = 10.0.40219.1
Project("{FAE04EC0-301F-11D3-BF4B-00C04F79EFBC}") = "c0730319 c0732152", "c0730319 c0732152\c0730319 c0732152.csproj", "{FEED2505-7EF3-4320-BA42-2A07D7FC0608}"
EndProject
Global
	GlobalSection(SolutionConfigurationPlatforms) = preSolution
		Debug|Any CPU = Debug|Any CPU
		Release|Any CPU = Release|Any CPU
	EndGlobalSection
	GlobalSection(ProjectConfigurationPlatforms) = postSolution
		{FEED2505-7EF3-4320-BA42-2A07D7FC0608}.Debug|Any CPU.ActiveCfg = Debug|Any CPU
		{FEED2505-7EF3-4320-BA42-2A07D7FC0608}.Debug|Any CPU.Build.0 = Debug|Any CPU
		{FEED2505-7EF3-4320-BA42-2A07D7FC0608}.Release|Any CPU.ActiveCfg = Release|Any CPU
		{FEED2505-7EF3-4320-BA42-2A07D7FC0608}.Release|Any CPU.Build.0 = Release|Any CPU
	EndGlobalSection
	GlobalSection(SolutionProperties) = preSolution
		HideSolutionNode = FALSE
	EndGlobalSection
	GlobalSection(ExtensibilityGlobals) = postSolution
		SolutionGuid = {E4B062D4-7881-4BAA-9B3A-63EA9BAE932C}
	EndGlobalSection
EndGlobal
